
Microsoft Visual Studio Solution File, Format Version 12.00
# Visual Studio Version 17
VisualStudioVersion = 17.0.31903.59
MinimumVisualStudioVersion = 10.0.40219.1
Project("{FAE04EC0-301F-11D3-BF4B-00C04F79EFBC}") = "NorthwindServer", "NorthwindServer\NorthwindServer.csproj", "{9E9227AB-9CEF-4118-937F-32EEB38D494B}"
EndProject
Project("{FAE04EC0-301F-11D3-BF4B-00C04F79EFBC}") = "NorthwindModel", "NorthwindModel\NorthwindModel.csproj", "{D48A64D9-BF88-475E-8DA0-26E0BFA18FD8}"
EndProject
Global
	GlobalSection(SolutionConfigurationPlatforms) = preSolution
		Debug|Any CPU = Debug|Any CPU
		Debug|x64 = Debug|x64
		Debug|x86 = Debug|x86
		Release|Any CPU = Release|Any CPU
		Release|x64 = Release|x64
		Release|x86 = Release|x86
	EndGlobalSection
	GlobalSection(ProjectConfigurationPlatforms) = postSolution
		{9E9227AB-9CEF-4118-937F-32EEB38D494B}.Debug|Any CPU.ActiveCfg = Debug|Any CPU
		{9E9227AB-9CEF-4118-937F-32EEB38D494B}.Debug|Any CPU.Build.0 = Debug|Any CPU
		{9E9227AB-9CEF-4118-937F-32EEB38D494B}.Debug|x64.ActiveCfg = Debug|Any CPU
		{9E9227AB-9CEF-4118-937F-32EEB38D494B}.Debug|x64.Build.0 = Debug|Any CPU
		{9E9227AB-9CEF-4118-937F-32EEB38D494B}.Debug|x86.ActiveCfg = Debug|Any CPU
		{9E9227AB-9CEF-4118-937F-32EEB38D494B}.Debug|x86.Build.0 = Debug|Any CPU
		{9E9227AB-9CEF-4118-937F-32EEB38D494B}.Release|Any CPU.ActiveCfg = Release|Any CPU
		{9E9227AB-9CEF-4118-937F-32EEB38D494B}.Release|Any CPU.Build.0 = Release|Any CPU
		{9E9227AB-9CEF-4118-937F-32EEB38D494B}.Release|x64.ActiveCfg = Release|Any CPU
		{9E9227AB-9CEF-4118-937F-32EEB38D494B}.Release|x64.Build.0 = Release|Any CPU
		{9E9227AB-9CEF-4118-937F-32EEB38D494B}.Release|x86.ActiveCfg = Release|Any CPU
		{9E9227AB-9CEF-4118-937F-32EEB38D494B}.Release|x86.Build.0 = Release|Any CPU
		{D48A64D9-BF88-475E-8DA0-26E0BFA18FD8}.Debug|Any CPU.ActiveCfg = Debug|Any CPU
		{D48A64D9-BF88-475E-8DA0-26E0BFA18FD8}.Debug|Any CPU.Build.0 = Debug|Any CPU
		{D48A64D9-BF88-475E-8DA0-26E0BFA18FD8}.Debug|x64.ActiveCfg = Debug|Any CPU
		{D48A64D9-BF88-475E-8DA0-26E0BFA18FD8}.Debug|x64.Build.0 = Debug|Any CPU
		{D48A64D9-BF88-475E-8DA0-26E0BFA18FD8}.Debug|x86.ActiveCfg = Debug|Any CPU
		{D48A64D9-BF88-475E-8DA0-26E0BFA18FD8}.Debug|x86.Build.0 = Debug|Any CPU
		{D48A64D9-BF88-475E-8DA0-26E0BFA18FD8}.Release|Any CPU.ActiveCfg = Release|Any CPU
		{D48A64D9-BF88-475E-8DA0-26E0BFA18FD8}.Release|Any CPU.Build.0 = Release|Any CPU
		{D48A64D9-BF88-475E-8DA0-26E0BFA18FD8}.Release|x64.ActiveCfg = Release|Any CPU
		{D48A64D9-BF88-475E-8DA0-26E0BFA18FD8}.Release|x64.Build.0 = Release|Any CPU
		{D48A64D9-BF88-475E-8DA0-26E0BFA18FD8}.Release|x86.ActiveCfg = Release|Any CPU
		{D48A64D9-BF88-475E-8DA0-26E0BFA18FD8}.Release|x86.Build.0 = Release|Any CPU
	EndGlobalSection
	GlobalSection(SolutionProperties) = preSolution
		HideSolutionNode = FALSE
	EndGlobalSection
EndGlobal
